
Microsoft Visual Studio Solution File, Format Version 12.00
# Visual Studio Version 17
VisualStudioVersion = 17.8.34316.72
MinimumVisualStudioVersion = 10.0.40219.1
Project("{FAE04EC0-301F-11D3-BF4B-00C04F79EFBC}") = "The Variable Shop Returns", "The Variable Shop Returns.csproj", "{3D1E1D46-78BF-4648-9BB6-CDA9C20308D3}"
EndProject
Global
	GlobalSection(SolutionConfigurationPlatforms) = preSolution
		Debug|Any CPU = Debug|Any CPU
		Release|Any CPU = Release|Any CPU
	EndGlobalSection
	GlobalSection(ProjectConfigurationPlatforms) = postSolution
		{3D1E1D46-78BF-4648-9BB6-CDA9C20308D3}.Debug|Any CPU.ActiveCfg = Debug|Any CPU
		{3D1E1D46-78BF-4648-9BB6-CDA9C20308D3}.Debug|Any CPU.Build.0 = Debug|Any CPU
		{3D1E1D46-78BF-4648-9BB6-CDA9C20308D3}.Release|Any CPU.ActiveCfg = Release|Any CPU
		{3D1E1D46-78BF-4648-9BB6-CDA9C20308D3}.Release|Any CPU.Build.0 = Release|Any CPU
	EndGlobalSection
	GlobalSection(SolutionProperties) = preSolution
		HideSolutionNode = FALSE
	EndGlobalSection
	GlobalSection(ExtensibilityGlobals) = postSolution
		SolutionGuid = {08D79F34-6604-4DA9-8F0C-1B934150D326}
	EndGlobalSection
EndGlobal
