
Microsoft Visual Studio Solution File, Format Version 12.00
# Visual Studio Version 17
VisualStudioVersion = 17.8.34408.163
MinimumVisualStudioVersion = 10.0.40219.1
Project("{FAE04EC0-301F-11D3-BF4B-00C04F79EFBC}") = "Many Random Words", "Many Random Words.csproj", "{B028A75C-6700-4A71-9848-4A8E09CFEE14}"
EndProject
Global
	GlobalSection(SolutionConfigurationPlatforms) = preSolution
		Debug|Any CPU = Debug|Any CPU
		Release|Any CPU = Release|Any CPU
	EndGlobalSection
	GlobalSection(ProjectConfigurationPlatforms) = postSolution
		{B028A75C-6700-4A71-9848-4A8E09CFEE14}.Debug|Any CPU.ActiveCfg = Debug|Any CPU
		{B028A75C-6700-4A71-9848-4A8E09CFEE14}.Debug|Any CPU.Build.0 = Debug|Any CPU
		{B028A75C-6700-4A71-9848-4A8E09CFEE14}.Release|Any CPU.ActiveCfg = Release|Any CPU
		{B028A75C-6700-4A71-9848-4A8E09CFEE14}.Release|Any CPU.Build.0 = Release|Any CPU
	EndGlobalSection
	GlobalSection(SolutionProperties) = preSolution
		HideSolutionNode = FALSE
	EndGlobalSection
	GlobalSection(ExtensibilityGlobals) = postSolution
		SolutionGuid = {F5B48A02-9AD5-4F60-869F-3B259BEAFF2B}
	EndGlobalSection
EndGlobal
