
Microsoft Visual Studio Solution File, Format Version 12.00
# Visual Studio Version 17
VisualStudioVersion = 17.8.34330.188
MinimumVisualStudioVersion = 10.0.40219.1
Project("{FAE04EC0-301F-11D3-BF4B-00C04F79EFBC}") = "Simula's Soup", "Simula's Soup.csproj", "{3078CDAA-B24B-4805-81E7-568A919E51B5}"
EndProject
Global
	GlobalSection(SolutionConfigurationPlatforms) = preSolution
		Debug|Any CPU = Debug|Any CPU
		Release|Any CPU = Release|Any CPU
	EndGlobalSection
	GlobalSection(ProjectConfigurationPlatforms) = postSolution
		{3078CDAA-B24B-4805-81E7-568A919E51B5}.Debug|Any CPU.ActiveCfg = Debug|Any CPU
		{3078CDAA-B24B-4805-81E7-568A919E51B5}.Debug|Any CPU.Build.0 = Debug|Any CPU
		{3078CDAA-B24B-4805-81E7-568A919E51B5}.Release|Any CPU.ActiveCfg = Release|Any CPU
		{3078CDAA-B24B-4805-81E7-568A919E51B5}.Release|Any CPU.Build.0 = Release|Any CPU
	EndGlobalSection
	GlobalSection(SolutionProperties) = preSolution
		HideSolutionNode = FALSE
	EndGlobalSection
	GlobalSection(ExtensibilityGlobals) = postSolution
		SolutionGuid = {BF20C8C0-A20E-43C0-8FB2-FF6496A63623}
	EndGlobalSection
EndGlobal
