
Microsoft Visual Studio Solution File, Format Version 12.00
# Visual Studio Version 17
VisualStudioVersion = 17.8.34322.80
MinimumVisualStudioVersion = 10.0.40219.1
Project("{FAE04EC0-301F-11D3-BF4B-00C04F79EFBC}") = "The Replicator of D'To", "The Replicator of D'To.csproj", "{E5AEE665-C587-4AB0-A4DA-421372B90994}"
EndProject
Global
	GlobalSection(SolutionConfigurationPlatforms) = preSolution
		Debug|Any CPU = Debug|Any CPU
		Release|Any CPU = Release|Any CPU
	EndGlobalSection
	GlobalSection(ProjectConfigurationPlatforms) = postSolution
		{E5AEE665-C587-4AB0-A4DA-421372B90994}.Debug|Any CPU.ActiveCfg = Debug|Any CPU
		{E5AEE665-C587-4AB0-A4DA-421372B90994}.Debug|Any CPU.Build.0 = Debug|Any CPU
		{E5AEE665-C587-4AB0-A4DA-421372B90994}.Release|Any CPU.ActiveCfg = Release|Any CPU
		{E5AEE665-C587-4AB0-A4DA-421372B90994}.Release|Any CPU.Build.0 = Release|Any CPU
	EndGlobalSection
	GlobalSection(SolutionProperties) = preSolution
		HideSolutionNode = FALSE
	EndGlobalSection
	GlobalSection(ExtensibilityGlobals) = postSolution
		SolutionGuid = {E3A3E8D5-0788-4447-BC31-45E8559E0759}
	EndGlobalSection
EndGlobal
