
Microsoft Visual Studio Solution File, Format Version 12.00
# Visual Studio Version 17
VisualStudioVersion = 17.8.34316.72
MinimumVisualStudioVersion = 10.0.40219.1
Project("{FAE04EC0-301F-11D3-BF4B-00C04F79EFBC}") = "The Triangle Farmer", "The Triangle Farmer.csproj", "{6C26E2AE-80D0-4377-9014-82DC5FC493AB}"
EndProject
Global
	GlobalSection(SolutionConfigurationPlatforms) = preSolution
		Debug|Any CPU = Debug|Any CPU
		Release|Any CPU = Release|Any CPU
	EndGlobalSection
	GlobalSection(ProjectConfigurationPlatforms) = postSolution
		{6C26E2AE-80D0-4377-9014-82DC5FC493AB}.Debug|Any CPU.ActiveCfg = Debug|Any CPU
		{6C26E2AE-80D0-4377-9014-82DC5FC493AB}.Debug|Any CPU.Build.0 = Debug|Any CPU
		{6C26E2AE-80D0-4377-9014-82DC5FC493AB}.Release|Any CPU.ActiveCfg = Release|Any CPU
		{6C26E2AE-80D0-4377-9014-82DC5FC493AB}.Release|Any CPU.Build.0 = Release|Any CPU
	EndGlobalSection
	GlobalSection(SolutionProperties) = preSolution
		HideSolutionNode = FALSE
	EndGlobalSection
	GlobalSection(ExtensibilityGlobals) = postSolution
		SolutionGuid = {F8746EDB-A72F-4889-97C9-7821B8B18C3A}
	EndGlobalSection
EndGlobal
