
Microsoft Visual Studio Solution File, Format Version 12.00
# Visual Studio Version 17
VisualStudioVersion = 17.8.34330.188
MinimumVisualStudioVersion = 10.0.40219.1
Project("{FAE04EC0-301F-11D3-BF4B-00C04F79EFBC}") = "The Card", "The Card.csproj", "{A2089A87-4B18-4144-ACB7-6B3CC7213097}"
EndProject
Global
	GlobalSection(SolutionConfigurationPlatforms) = preSolution
		Debug|Any CPU = Debug|Any CPU
		Release|Any CPU = Release|Any CPU
	EndGlobalSection
	GlobalSection(ProjectConfigurationPlatforms) = postSolution
		{A2089A87-4B18-4144-ACB7-6B3CC7213097}.Debug|Any CPU.ActiveCfg = Debug|Any CPU
		{A2089A87-4B18-4144-ACB7-6B3CC7213097}.Debug|Any CPU.Build.0 = Debug|Any CPU
		{A2089A87-4B18-4144-ACB7-6B3CC7213097}.Release|Any CPU.ActiveCfg = Release|Any CPU
		{A2089A87-4B18-4144-ACB7-6B3CC7213097}.Release|Any CPU.Build.0 = Release|Any CPU
	EndGlobalSection
	GlobalSection(SolutionProperties) = preSolution
		HideSolutionNode = FALSE
	EndGlobalSection
	GlobalSection(ExtensibilityGlobals) = postSolution
		SolutionGuid = {C85FA0B7-B378-4D5B-8D55-AF39C9BAB1E8}
	EndGlobalSection
EndGlobal
