
Microsoft Visual Studio Solution File, Format Version 12.00
# Visual Studio Version 17
VisualStudioVersion = 17.8.34511.84
MinimumVisualStudioVersion = 10.0.40219.1
Project("{9A19103F-16F7-4668-BE54-9A1E7A4F7556}") = "TheUncodedOne", "TheUncodedOne.csproj", "{697D36C3-62B4-450A-ADAA-AE88750E9FF3}"
EndProject
Project("{9A19103F-16F7-4668-BE54-9A1E7A4F7556}") = "ColoredConsole", "..\ConsoleColor\ColoredConsole.csproj", "{B81375D9-E877-4DB0-ACC0-50A36336DA04}"
EndProject
Global
	GlobalSection(SolutionConfigurationPlatforms) = preSolution
		Debug|Any CPU = Debug|Any CPU
		Release|Any CPU = Release|Any CPU
	EndGlobalSection
	GlobalSection(ProjectConfigurationPlatforms) = postSolution
		{697D36C3-62B4-450A-ADAA-AE88750E9FF3}.Debug|Any CPU.ActiveCfg = Debug|Any CPU
		{697D36C3-62B4-450A-ADAA-AE88750E9FF3}.Debug|Any CPU.Build.0 = Debug|Any CPU
		{697D36C3-62B4-450A-ADAA-AE88750E9FF3}.Release|Any CPU.ActiveCfg = Release|Any CPU
		{697D36C3-62B4-450A-ADAA-AE88750E9FF3}.Release|Any CPU.Build.0 = Release|Any CPU
		{B81375D9-E877-4DB0-ACC0-50A36336DA04}.Debug|Any CPU.ActiveCfg = Debug|Any CPU
		{B81375D9-E877-4DB0-ACC0-50A36336DA04}.Debug|Any CPU.Build.0 = Debug|Any CPU
		{B81375D9-E877-4DB0-ACC0-50A36336DA04}.Release|Any CPU.ActiveCfg = Release|Any CPU
		{B81375D9-E877-4DB0-ACC0-50A36336DA04}.Release|Any CPU.Build.0 = Release|Any CPU
	EndGlobalSection
	GlobalSection(SolutionProperties) = preSolution
		HideSolutionNode = FALSE
	EndGlobalSection
	GlobalSection(ExtensibilityGlobals) = postSolution
		SolutionGuid = {72BE2CEF-6D6F-4CE1-8110-408D1A33C46A}
	EndGlobalSection
EndGlobal
