
Microsoft Visual Studio Solution File, Format Version 12.00
# Visual Studio Version 17
VisualStudioVersion = 17.8.34330.188
MinimumVisualStudioVersion = 10.0.40219.1
Project("{FAE04EC0-301F-11D3-BF4B-00C04F79EFBC}") = "The Old Robot", "The Old Robot.csproj", "{2DE928CA-A98B-442C-B692-2B8EA95223FE}"
EndProject
Global
	GlobalSection(SolutionConfigurationPlatforms) = preSolution
		Debug|Any CPU = Debug|Any CPU
		Release|Any CPU = Release|Any CPU
	EndGlobalSection
	GlobalSection(ProjectConfigurationPlatforms) = postSolution
		{2DE928CA-A98B-442C-B692-2B8EA95223FE}.Debug|Any CPU.ActiveCfg = Debug|Any CPU
		{2DE928CA-A98B-442C-B692-2B8EA95223FE}.Debug|Any CPU.Build.0 = Debug|Any CPU
		{2DE928CA-A98B-442C-B692-2B8EA95223FE}.Release|Any CPU.ActiveCfg = Release|Any CPU
		{2DE928CA-A98B-442C-B692-2B8EA95223FE}.Release|Any CPU.Build.0 = Release|Any CPU
	EndGlobalSection
	GlobalSection(SolutionProperties) = preSolution
		HideSolutionNode = FALSE
	EndGlobalSection
	GlobalSection(ExtensibilityGlobals) = postSolution
		SolutionGuid = {321E1E98-05DC-466C-BBE0-887BEE69B09F}
	EndGlobalSection
EndGlobal
