
Microsoft Visual Studio Solution File, Format Version 12.00
# Visual Studio Version 17
VisualStudioVersion = 17.8.34316.72
MinimumVisualStudioVersion = 10.0.40219.1
Project("{FAE04EC0-301F-11D3-BF4B-00C04F79EFBC}") = "The Four Sisters & The Duckbear", "The Four Sisters & The Duckbear.csproj", "{50BB416A-CEE2-40B9-A9C2-29D7C065DA08}"
EndProject
Global
	GlobalSection(SolutionConfigurationPlatforms) = preSolution
		Debug|Any CPU = Debug|Any CPU
		Release|Any CPU = Release|Any CPU
	EndGlobalSection
	GlobalSection(ProjectConfigurationPlatforms) = postSolution
		{50BB416A-CEE2-40B9-A9C2-29D7C065DA08}.Debug|Any CPU.ActiveCfg = Debug|Any CPU
		{50BB416A-CEE2-40B9-A9C2-29D7C065DA08}.Debug|Any CPU.Build.0 = Debug|Any CPU
		{50BB416A-CEE2-40B9-A9C2-29D7C065DA08}.Release|Any CPU.ActiveCfg = Release|Any CPU
		{50BB416A-CEE2-40B9-A9C2-29D7C065DA08}.Release|Any CPU.Build.0 = Release|Any CPU
	EndGlobalSection
	GlobalSection(SolutionProperties) = preSolution
		HideSolutionNode = FALSE
	EndGlobalSection
	GlobalSection(ExtensibilityGlobals) = postSolution
		SolutionGuid = {1FC9255E-E8F1-40C3-90AB-2CF185F32B64}
	EndGlobalSection
EndGlobal
