
Microsoft Visual Studio Solution File, Format Version 12.00
# Visual Studio Version 17
VisualStudioVersion = 17.8.34408.163
MinimumVisualStudioVersion = 10.0.40219.1
Project("{FAE04EC0-301F-11D3-BF4B-00C04F79EFBC}") = "The Lambda Sieve", "The Lambda Sieve.csproj", "{138839E2-6D7C-481B-AB63-0E87D8189ACF}"
EndProject
Global
	GlobalSection(SolutionConfigurationPlatforms) = preSolution
		Debug|Any CPU = Debug|Any CPU
		Release|Any CPU = Release|Any CPU
	EndGlobalSection
	GlobalSection(ProjectConfigurationPlatforms) = postSolution
		{138839E2-6D7C-481B-AB63-0E87D8189ACF}.Debug|Any CPU.ActiveCfg = Debug|Any CPU
		{138839E2-6D7C-481B-AB63-0E87D8189ACF}.Debug|Any CPU.Build.0 = Debug|Any CPU
		{138839E2-6D7C-481B-AB63-0E87D8189ACF}.Release|Any CPU.ActiveCfg = Release|Any CPU
		{138839E2-6D7C-481B-AB63-0E87D8189ACF}.Release|Any CPU.Build.0 = Release|Any CPU
	EndGlobalSection
	GlobalSection(SolutionProperties) = preSolution
		HideSolutionNode = FALSE
	EndGlobalSection
	GlobalSection(ExtensibilityGlobals) = postSolution
		SolutionGuid = {3C6513D8-5777-40DA-BA3D-14A979EAADD8}
	EndGlobalSection
EndGlobal
